
Microsoft Visual Studio Solution File, Format Version 12.00
# Visual Studio 15
VisualStudioVersion = 15.0.27130.2020
MinimumVisualStudioVersion = 10.0.40219.1
Project("{FAE04EC0-301F-11D3-BF4B-00C04F79EFBC}") = "Fitotron5000-ASP.NET", "Fitotron5000-ASP.NET\Fitotron5000-ASP.NET.csproj", "{DCB469ED-94CD-420C-B7C8-2BFDB34C2FF0}"
EndProject
Project("{9A19103F-16F7-4668-BE54-9A1E7A4F7556}") = "Fitotron5000-Discord", "Fitotron5000-Discord\Fitotron5000-Discord.csproj", "{048025C0-86E2-445B-8E3F-4B430549C167}"
EndProject
Global
	GlobalSection(SolutionConfigurationPlatforms) = preSolution
		Debug|Any CPU = Debug|Any CPU
		Release|Any CPU = Release|Any CPU
	EndGlobalSection
	GlobalSection(ProjectConfigurationPlatforms) = postSolution
		{DCB469ED-94CD-420C-B7C8-2BFDB34C2FF0}.Debug|Any CPU.ActiveCfg = Debug|Any CPU
		{DCB469ED-94CD-420C-B7C8-2BFDB34C2FF0}.Debug|Any CPU.Build.0 = Debug|Any CPU
		{DCB469ED-94CD-420C-B7C8-2BFDB34C2FF0}.Release|Any CPU.ActiveCfg = Release|Any CPU
		{DCB469ED-94CD-420C-B7C8-2BFDB34C2FF0}.Release|Any CPU.Build.0 = Release|Any CPU
		{048025C0-86E2-445B-8E3F-4B430549C167}.Debug|Any CPU.ActiveCfg = Debug|Any CPU
		{048025C0-86E2-445B-8E3F-4B430549C167}.Debug|Any CPU.Build.0 = Debug|Any CPU
		{048025C0-86E2-445B-8E3F-4B430549C167}.Release|Any CPU.ActiveCfg = Release|Any CPU
		{048025C0-86E2-445B-8E3F-4B430549C167}.Release|Any CPU.Build.0 = Release|Any CPU
	EndGlobalSection
	GlobalSection(SolutionProperties) = preSolution
		HideSolutionNode = FALSE
	EndGlobalSection
	GlobalSection(ExtensibilityGlobals) = postSolution
		SolutionGuid = {AF27558B-911F-47CE-ADE3-50015AD54B87}
	EndGlobalSection
EndGlobal
